
Microsoft Visual Studio Solution File, Format Version 12.00
# Visual Studio 15
VisualStudioVersion = 15.0.28307.1145
MinimumVisualStudioVersion = 10.0.40219.1
Project("{FAE04EC0-301F-11D3-BF4B-00C04F79EFBC}") = "RazorPagesMovie", "RazorPagesMovie\RazorPagesMovie.csproj", "{C1B1806E-546C-4138-8CA1-7C05E5DE39B0}"
EndProject
Global
	GlobalSection(SolutionConfigurationPlatforms) = preSolution
		Debug|Any CPU = Debug|Any CPU
		Release|Any CPU = Release|Any CPU
	EndGlobalSection
	GlobalSection(ProjectConfigurationPlatforms) = postSolution
		{C1B1806E-546C-4138-8CA1-7C05E5DE39B0}.Debug|Any CPU.ActiveCfg = Debug|Any CPU
		{C1B1806E-546C-4138-8CA1-7C05E5DE39B0}.Debug|Any CPU.Build.0 = Debug|Any CPU
		{C1B1806E-546C-4138-8CA1-7C05E5DE39B0}.Release|Any CPU.ActiveCfg = Release|Any CPU
		{C1B1806E-546C-4138-8CA1-7C05E5DE39B0}.Release|Any CPU.Build.0 = Release|Any CPU
	EndGlobalSection
	GlobalSection(SolutionProperties) = preSolution
		HideSolutionNode = FALSE
	EndGlobalSection
	GlobalSection(ExtensibilityGlobals) = postSolution
		SolutionGuid = {187E405D-A6EE-490D-8734-04DCBDF227AF}
	EndGlobalSection
EndGlobal
