
Microsoft Visual Studio Solution File, Format Version 12.00
# Visual Studio 15
VisualStudioVersion = 15.0.28307.1145
MinimumVisualStudioVersion = 10.0.40219.1
Project("{FAE04EC0-301F-11D3-BF4B-00C04F79EFBC}") = "LinkedList", "LinkedList.csproj", "{9C7C95D9-4BD1-4FD1-82B0-B9BFE9910C4E}"
EndProject
Global
	GlobalSection(SolutionConfigurationPlatforms) = preSolution
		Debug|Any CPU = Debug|Any CPU
		Release|Any CPU = Release|Any CPU
	EndGlobalSection
	GlobalSection(ProjectConfigurationPlatforms) = postSolution
		{9C7C95D9-4BD1-4FD1-82B0-B9BFE9910C4E}.Debug|Any CPU.ActiveCfg = Debug|Any CPU
		{9C7C95D9-4BD1-4FD1-82B0-B9BFE9910C4E}.Debug|Any CPU.Build.0 = Debug|Any CPU
		{9C7C95D9-4BD1-4FD1-82B0-B9BFE9910C4E}.Release|Any CPU.ActiveCfg = Release|Any CPU
		{9C7C95D9-4BD1-4FD1-82B0-B9BFE9910C4E}.Release|Any CPU.Build.0 = Release|Any CPU
	EndGlobalSection
	GlobalSection(SolutionProperties) = preSolution
		HideSolutionNode = FALSE
	EndGlobalSection
	GlobalSection(ExtensibilityGlobals) = postSolution
		SolutionGuid = {DA073D14-8A26-4AC9-AEBF-1C8D68190FC0}
	EndGlobalSection
EndGlobal
