
Microsoft Visual Studio Solution File, Format Version 12.00
# Visual Studio 15
VisualStudioVersion = 15.0.28307.1145
MinimumVisualStudioVersion = 10.0.40219.1
Project("{9A19103F-16F7-4668-BE54-9A1E7A4F7556}") = "NETCoreScratch", "NETCoreScratch.csproj", "{F62D1E57-3A24-44FA-8852-4222E02D5BA8}"
EndProject
Project("{FAE04EC0-301F-11D3-BF4B-00C04F79EFBC}") = "StdLib", "StdLib\StdLib.csproj", "{B7FA1339-3ECE-4E4A-AE51-F39E38EDC027}"
EndProject
Global
	GlobalSection(SolutionConfigurationPlatforms) = preSolution
		Debug|Any CPU = Debug|Any CPU
		Release|Any CPU = Release|Any CPU
	EndGlobalSection
	GlobalSection(ProjectConfigurationPlatforms) = postSolution
		{F62D1E57-3A24-44FA-8852-4222E02D5BA8}.Debug|Any CPU.ActiveCfg = Debug|Any CPU
		{F62D1E57-3A24-44FA-8852-4222E02D5BA8}.Debug|Any CPU.Build.0 = Debug|Any CPU
		{F62D1E57-3A24-44FA-8852-4222E02D5BA8}.Release|Any CPU.ActiveCfg = Release|Any CPU
		{F62D1E57-3A24-44FA-8852-4222E02D5BA8}.Release|Any CPU.Build.0 = Release|Any CPU
		{B7FA1339-3ECE-4E4A-AE51-F39E38EDC027}.Debug|Any CPU.ActiveCfg = Debug|Any CPU
		{B7FA1339-3ECE-4E4A-AE51-F39E38EDC027}.Debug|Any CPU.Build.0 = Debug|Any CPU
		{B7FA1339-3ECE-4E4A-AE51-F39E38EDC027}.Release|Any CPU.ActiveCfg = Release|Any CPU
		{B7FA1339-3ECE-4E4A-AE51-F39E38EDC027}.Release|Any CPU.Build.0 = Release|Any CPU
	EndGlobalSection
	GlobalSection(SolutionProperties) = preSolution
		HideSolutionNode = FALSE
	EndGlobalSection
	GlobalSection(ExtensibilityGlobals) = postSolution
		SolutionGuid = {1A1BBBB9-9976-4DDA-BA83-B4AA951F4271}
	EndGlobalSection
EndGlobal
