
Microsoft Visual Studio Solution File, Format Version 12.00
# Visual Studio 15
VisualStudioVersion = 15.0.28307.1145
MinimumVisualStudioVersion = 10.0.40219.1
Project("{FAE04EC0-301F-11D3-BF4B-00C04F79EFBC}") = "ProximitySearchConsole", "ProximitySearchConsole.csproj", "{B4CF697B-A078-46B2-A9E2-24C65B045CF3}"
EndProject
Project("{FAE04EC0-301F-11D3-BF4B-00C04F79EFBC}") = "ProximitySearch.UnitTests", "ProximitySearch.UnitTests\ProximitySearch.UnitTests.csproj", "{C0EB4DA5-8BD4-41A3-9F58-3E01F430F503}"
EndProject
Project("{FAE04EC0-301F-11D3-BF4B-00C04F79EFBC}") = "ProximitySearch", "ProximitySearch\ProximitySearch.csproj", "{6C036A76-A695-4869-9288-9A867854E632}"
EndProject
Global
	GlobalSection(SolutionConfigurationPlatforms) = preSolution
		Debug|Any CPU = Debug|Any CPU
		Release|Any CPU = Release|Any CPU
	EndGlobalSection
	GlobalSection(ProjectConfigurationPlatforms) = postSolution
		{B4CF697B-A078-46B2-A9E2-24C65B045CF3}.Debug|Any CPU.ActiveCfg = Debug|Any CPU
		{B4CF697B-A078-46B2-A9E2-24C65B045CF3}.Debug|Any CPU.Build.0 = Debug|Any CPU
		{B4CF697B-A078-46B2-A9E2-24C65B045CF3}.Release|Any CPU.ActiveCfg = Release|Any CPU
		{B4CF697B-A078-46B2-A9E2-24C65B045CF3}.Release|Any CPU.Build.0 = Release|Any CPU
		{C0EB4DA5-8BD4-41A3-9F58-3E01F430F503}.Debug|Any CPU.ActiveCfg = Debug|Any CPU
		{C0EB4DA5-8BD4-41A3-9F58-3E01F430F503}.Debug|Any CPU.Build.0 = Debug|Any CPU
		{C0EB4DA5-8BD4-41A3-9F58-3E01F430F503}.Release|Any CPU.ActiveCfg = Release|Any CPU
		{C0EB4DA5-8BD4-41A3-9F58-3E01F430F503}.Release|Any CPU.Build.0 = Release|Any CPU
		{6C036A76-A695-4869-9288-9A867854E632}.Debug|Any CPU.ActiveCfg = Debug|Any CPU
		{6C036A76-A695-4869-9288-9A867854E632}.Debug|Any CPU.Build.0 = Debug|Any CPU
		{6C036A76-A695-4869-9288-9A867854E632}.Release|Any CPU.ActiveCfg = Release|Any CPU
		{6C036A76-A695-4869-9288-9A867854E632}.Release|Any CPU.Build.0 = Release|Any CPU
	EndGlobalSection
	GlobalSection(SolutionProperties) = preSolution
		HideSolutionNode = FALSE
	EndGlobalSection
	GlobalSection(ExtensibilityGlobals) = postSolution
		SolutionGuid = {A0EDC98E-4683-4FA9-AAC8-992D6D82E591}
	EndGlobalSection
EndGlobal
