
Microsoft Visual Studio Solution File, Format Version 12.00
# Visual Studio 15
VisualStudioVersion = 15.0.28307.1145
MinimumVisualStudioVersion = 10.0.40219.1
Project("{FAE04EC0-301F-11D3-BF4B-00C04F79EFBC}") = "ByteBoard", "ByteBoard.csproj", "{055186B2-269E-4DED-8B7B-19E57CDA285C}"
EndProject
Global
	GlobalSection(SolutionConfigurationPlatforms) = preSolution
		Debug|Any CPU = Debug|Any CPU
		Release|Any CPU = Release|Any CPU
	EndGlobalSection
	GlobalSection(ProjectConfigurationPlatforms) = postSolution
		{055186B2-269E-4DED-8B7B-19E57CDA285C}.Debug|Any CPU.ActiveCfg = Debug|Any CPU
		{055186B2-269E-4DED-8B7B-19E57CDA285C}.Debug|Any CPU.Build.0 = Debug|Any CPU
		{055186B2-269E-4DED-8B7B-19E57CDA285C}.Release|Any CPU.ActiveCfg = Release|Any CPU
		{055186B2-269E-4DED-8B7B-19E57CDA285C}.Release|Any CPU.Build.0 = Release|Any CPU
	EndGlobalSection
	GlobalSection(SolutionProperties) = preSolution
		HideSolutionNode = FALSE
	EndGlobalSection
	GlobalSection(ExtensibilityGlobals) = postSolution
		SolutionGuid = {F2CB55BC-34E1-42AD-BC20-7C9A801451CB}
	EndGlobalSection
EndGlobal
