
Microsoft Visual Studio Solution File, Format Version 12.00
# Visual Studio 15
VisualStudioVersion = 15.0.27703.2047
MinimumVisualStudioVersion = 10.0.40219.1
Project("{FAE04EC0-301F-11D3-BF4B-00C04F79EFBC}") = "CommandPattern", "CommandPattern\CommandPattern.csproj", "{48061627-AF9E-4286-BCB5-B2738978E802}"
EndProject
Global
	GlobalSection(SolutionConfigurationPlatforms) = preSolution
		Debug|Any CPU = Debug|Any CPU
		Release|Any CPU = Release|Any CPU
	EndGlobalSection
	GlobalSection(ProjectConfigurationPlatforms) = postSolution
		{48061627-AF9E-4286-BCB5-B2738978E802}.Debug|Any CPU.ActiveCfg = Debug|Any CPU
		{48061627-AF9E-4286-BCB5-B2738978E802}.Debug|Any CPU.Build.0 = Debug|Any CPU
		{48061627-AF9E-4286-BCB5-B2738978E802}.Release|Any CPU.ActiveCfg = Release|Any CPU
		{48061627-AF9E-4286-BCB5-B2738978E802}.Release|Any CPU.Build.0 = Release|Any CPU
	EndGlobalSection
	GlobalSection(SolutionProperties) = preSolution
		HideSolutionNode = FALSE
	EndGlobalSection
	GlobalSection(ExtensibilityGlobals) = postSolution
		SolutionGuid = {4EAF4906-9193-4412-A112-C3E9F91C5ECA}
	EndGlobalSection
EndGlobal
